
Microsoft Visual Studio Solution File, Format Version 12.00
# Visual Studio Version 16
VisualStudioVersion = 16.0.29020.237
MinimumVisualStudioVersion = 10.0.40219.1
Project("{FAE04EC0-301F-11D3-BF4B-00C04F79EFBC}") = "TestWebApiXml", "TestWebApiXml.csproj", "{351F4320-B04E-46D9-BDA9-EC6AC9BF61CA}"
EndProject
Global
	GlobalSection(SolutionConfigurationPlatforms) = preSolution
		Debug|Any CPU = Debug|Any CPU
		Release|Any CPU = Release|Any CPU
	EndGlobalSection
	GlobalSection(ProjectConfigurationPlatforms) = postSolution
		{351F4320-B04E-46D9-BDA9-EC6AC9BF61CA}.Debug|Any CPU.ActiveCfg = Debug|Any CPU
		{351F4320-B04E-46D9-BDA9-EC6AC9BF61CA}.Debug|Any CPU.Build.0 = Debug|Any CPU
		{351F4320-B04E-46D9-BDA9-EC6AC9BF61CA}.Release|Any CPU.ActiveCfg = Release|Any CPU
		{351F4320-B04E-46D9-BDA9-EC6AC9BF61CA}.Release|Any CPU.Build.0 = Release|Any CPU
	EndGlobalSection
	GlobalSection(SolutionProperties) = preSolution
		HideSolutionNode = FALSE
	EndGlobalSection
	GlobalSection(ExtensibilityGlobals) = postSolution
		SolutionGuid = {74B01182-5532-48F9-98DC-D627588DBCEC}
	EndGlobalSection
EndGlobal
